
Microsoft Visual Studio Solution File, Format Version 12.00
# Visual Studio Version 17
VisualStudioVersion = 17.3.32825.248
MinimumVisualStudioVersion = 10.0.40219.1
Project("{FAE04EC0-301F-11D3-BF4B-00C04F79EFBC}") = "May10ReactWithBackend.Web", "May10ReactWithBackend.Web\May10ReactWithBackend.Web.csproj", "{BF7F4134-F1D0-427A-B593-8E6670EA5FA6}"
EndProject
Project("{FAE04EC0-301F-11D3-BF4B-00C04F79EFBC}") = "May10ReactWithBackend.Data", "May10ReactWithBackend.Data\May10ReactWithBackend.Data.csproj", "{4E8CFA0B-4D90-41F2-BCC6-89722441C1B0}"
EndProject
Global
	GlobalSection(SolutionConfigurationPlatforms) = preSolution
		Debug|Any CPU = Debug|Any CPU
		Release|Any CPU = Release|Any CPU
	EndGlobalSection
	GlobalSection(ProjectConfigurationPlatforms) = postSolution
		{BF7F4134-F1D0-427A-B593-8E6670EA5FA6}.Debug|Any CPU.ActiveCfg = Debug|Any CPU
		{BF7F4134-F1D0-427A-B593-8E6670EA5FA6}.Debug|Any CPU.Build.0 = Debug|Any CPU
		{BF7F4134-F1D0-427A-B593-8E6670EA5FA6}.Release|Any CPU.ActiveCfg = Release|Any CPU
		{BF7F4134-F1D0-427A-B593-8E6670EA5FA6}.Release|Any CPU.Build.0 = Release|Any CPU
		{4E8CFA0B-4D90-41F2-BCC6-89722441C1B0}.Debug|Any CPU.ActiveCfg = Debug|Any CPU
		{4E8CFA0B-4D90-41F2-BCC6-89722441C1B0}.Debug|Any CPU.Build.0 = Debug|Any CPU
		{4E8CFA0B-4D90-41F2-BCC6-89722441C1B0}.Release|Any CPU.ActiveCfg = Release|Any CPU
		{4E8CFA0B-4D90-41F2-BCC6-89722441C1B0}.Release|Any CPU.Build.0 = Release|Any CPU
	EndGlobalSection
	GlobalSection(SolutionProperties) = preSolution
		HideSolutionNode = FALSE
	EndGlobalSection
	GlobalSection(ExtensibilityGlobals) = postSolution
		SolutionGuid = {5E88E452-2B1A-4266-A78B-267553AA852E}
	EndGlobalSection
EndGlobal
